
Microsoft Visual Studio Solution File, Format Version 12.00
# Visual Studio Version 17
VisualStudioVersion = 17.3.32929.385
MinimumVisualStudioVersion = 10.0.40219.1
Project("{FAE04EC0-301F-11D3-BF4B-00C04F79EFBC}") = "francesco.priori.4h.gelati", "francesco.priori.4h.gelati\francesco.priori.4h.gelati.csproj", "{12E35684-BD7D-4E79-81DC-3B9FFAB30E48}"
EndProject
Global
	GlobalSection(SolutionConfigurationPlatforms) = preSolution
		Debug|Any CPU = Debug|Any CPU
		Release|Any CPU = Release|Any CPU
	EndGlobalSection
	GlobalSection(ProjectConfigurationPlatforms) = postSolution
		{12E35684-BD7D-4E79-81DC-3B9FFAB30E48}.Debug|Any CPU.ActiveCfg = Debug|Any CPU
		{12E35684-BD7D-4E79-81DC-3B9FFAB30E48}.Debug|Any CPU.Build.0 = Debug|Any CPU
		{12E35684-BD7D-4E79-81DC-3B9FFAB30E48}.Release|Any CPU.ActiveCfg = Release|Any CPU
		{12E35684-BD7D-4E79-81DC-3B9FFAB30E48}.Release|Any CPU.Build.0 = Release|Any CPU
	EndGlobalSection
	GlobalSection(SolutionProperties) = preSolution
		HideSolutionNode = FALSE
	EndGlobalSection
	GlobalSection(ExtensibilityGlobals) = postSolution
		SolutionGuid = {EC2070A2-D6C8-449A-A0ED-F254BCF9792E}
	EndGlobalSection
EndGlobal
